// !$*UTF8*$!
{
	archiveVersion = 1;
	classes = {
	};
	objectVersion = 56;
	objects = {

/* Begin PBXBuildFile section */
		C220324729644B1800681C3C /* BestSellerCollectionViewCell.swift in Sources */ = {isa = PBXBuildFile; fileRef = C220324629644B1800681C3C /* BestSellerCollectionViewCell.swift */; };
		C220324929644B3A00681C3C /* BestSellerCollectionViewController.swift in Sources */ = {isa = PBXBuildFile; fileRef = C220324829644B3A00681C3C /* BestSellerCollectionViewController.swift */; };
		C24CCE62296771F6006E71C8 /* ProductDetailsCollectionViewController.swift in Sources */ = {isa = PBXBuildFile; fileRef = C24CCE61296771F6006E71C8 /* ProductDetailsCollectionViewController.swift */; };
		C24CCE6429677215006E71C8 /* ProductDetailCollectionViewCell.swift in Sources */ = {isa = PBXBuildFile; fileRef = C24CCE6329677215006E71C8 /* ProductDetailCollectionViewCell.swift */; };
		C27C2DBC2967273100DACF44 /* DetailViewController.swift in Sources */ = {isa = PBXBuildFile; fileRef = C27C2DBB2967273100DACF44 /* DetailViewController.swift */; };
		C28AF28F295DC68F006429FB /* SelectCategoryColectionView.swift in Sources */ = {isa = PBXBuildFile; fileRef = C28AF28E295DC68F006429FB /* SelectCategoryColectionView.swift */; };
		C28AF291295DDBCF006429FB /* SelectCategoryColectionViewCell.swift in Sources */ = {isa = PBXBuildFile; fileRef = C28AF290295DDBCF006429FB /* SelectCategoryColectionViewCell.swift */; };
		C28AF294295E6671006429FB /* HotSalesCollectionViewController.swift in Sources */ = {isa = PBXBuildFile; fileRef = C28AF293295E6671006429FB /* HotSalesCollectionViewController.swift */; };
		C28AF296295E684B006429FB /* HotSalesCollectionViewCell.swift in Sources */ = {isa = PBXBuildFile; fileRef = C28AF295295E684B006429FB /* HotSalesCollectionViewCell.swift */; };
		C2F7939A295F191100023BB7 /* StorageManager.swift in Sources */ = {isa = PBXBuildFile; fileRef = C2F79399295F191100023BB7 /* StorageManager.swift */; };
		C2F7939F295F7CF800023BB7 /* ImageCashing.swift in Sources */ = {isa = PBXBuildFile; fileRef = C2F7939E295F7CF800023BB7 /* ImageCashing.swift */; };
		C2FC8AFE295C73250040E4A5 /* AppDelegate.swift in Sources */ = {isa = PBXBuildFile; fileRef = C2FC8AFD295C73250040E4A5 /* AppDelegate.swift */; };
		C2FC8B00295C73250040E4A5 /* SceneDelegate.swift in Sources */ = {isa = PBXBuildFile; fileRef = C2FC8AFF295C73250040E4A5 /* SceneDelegate.swift */; };
		C2FC8B02295C73250040E4A5 /* MainScreenController.swift in Sources */ = {isa = PBXBuildFile; fileRef = C2FC8B01295C73250040E4A5 /* MainScreenController.swift */; };
		C2FC8B05295C73250040E4A5 /* Main.storyboard in Resources */ = {isa = PBXBuildFile; fileRef = C2FC8B03295C73250040E4A5 /* Main.storyboard */; };
		C2FC8B07295C73270040E4A5 /* Assets.xcassets in Resources */ = {isa = PBXBuildFile; fileRef = C2FC8B06295C73270040E4A5 /* Assets.xcassets */; };
		C2FC8B0A295C73270040E4A5 /* LaunchScreen.storyboard in Resources */ = {isa = PBXBuildFile; fileRef = C2FC8B08295C73270040E4A5 /* LaunchScreen.storyboard */; };
		C2FC8B14295C7B170040E4A5 /* Model.swift in Sources */ = {isa = PBXBuildFile; fileRef = C2FC8B13295C7B170040E4A5 /* Model.swift */; };
/* End PBXBuildFile section */

/* Begin PBXFileReference section */
		C220324629644B1800681C3C /* BestSellerCollectionViewCell.swift */ = {isa = PBXFileReference; lastKnownFileType = sourcecode.swift; path = BestSellerCollectionViewCell.swift; sourceTree = "<group>"; };
		C220324829644B3A00681C3C /* BestSellerCollectionViewController.swift */ = {isa = PBXFileReference; lastKnownFileType = sourcecode.swift; path = BestSellerCollectionViewController.swift; sourceTree = "<group>"; };
		C24CCE61296771F6006E71C8 /* ProductDetailsCollectionViewController.swift */ = {isa = PBXFileReference; lastKnownFileType = sourcecode.swift; path = ProductDetailsCollectionViewController.swift; sourceTree = "<group>"; };
		C24CCE6329677215006E71C8 /* ProductDetailCollectionViewCell.swift */ = {isa = PBXFileReference; lastKnownFileType = sourcecode.swift; path = ProductDetailCollectionViewCell.swift; sourceTree = "<group>"; };
		C27C2DBB2967273100DACF44 /* DetailViewController.swift */ = {isa = PBXFileReference; lastKnownFileType = sourcecode.swift; path = DetailViewController.swift; sourceTree = "<group>"; };
		C28AF28E295DC68F006429FB /* SelectCategoryColectionView.swift */ = {isa = PBXFileReference; lastKnownFileType = sourcecode.swift; path = SelectCategoryColectionView.swift; sourceTree = "<group>"; };
		C28AF290295DDBCF006429FB /* SelectCategoryColectionViewCell.swift */ = {isa = PBXFileReference; lastKnownFileType = sourcecode.swift; path = SelectCategoryColectionViewCell.swift; sourceTree = "<group>"; };
		C28AF293295E6671006429FB /* HotSalesCollectionViewController.swift */ = {isa = PBXFileReference; lastKnownFileType = sourcecode.swift; path = HotSalesCollectionViewController.swift; sourceTree = "<group>"; };
		C28AF295295E684B006429FB /* HotSalesCollectionViewCell.swift */ = {isa = PBXFileReference; lastKnownFileType = sourcecode.swift; path = HotSalesCollectionViewCell.swift; sourceTree = "<group>"; };
		C2F79399295F191100023BB7 /* StorageManager.swift */ = {isa = PBXFileReference; lastKnownFileType = sourcecode.swift; path = StorageManager.swift; sourceTree = "<group>"; };
		C2F7939E295F7CF800023BB7 /* ImageCashing.swift */ = {isa = PBXFileReference; lastKnownFileType = sourcecode.swift; path = ImageCashing.swift; sourceTree = "<group>"; };
		C2FC8AFA295C73250040E4A5 /* Test task 2.app */ = {isa = PBXFileReference; explicitFileType = wrapper.application; includeInIndex = 0; path = "Test task 2.app"; sourceTree = BUILT_PRODUCTS_DIR; };
		C2FC8AFD295C73250040E4A5 /* AppDelegate.swift */ = {isa = PBXFileReference; lastKnownFileType = sourcecode.swift; path = AppDelegate.swift; sourceTree = "<group>"; };
		C2FC8AFF295C73250040E4A5 /* SceneDelegate.swift */ = {isa = PBXFileReference; lastKnownFileType = sourcecode.swift; path = SceneDelegate.swift; sourceTree = "<group>"; };
		C2FC8B01295C73250040E4A5 /* MainScreenController.swift */ = {isa = PBXFileReference; lastKnownFileType = sourcecode.swift; path = MainScreenController.swift; sourceTree = "<group>"; };
		C2FC8B04295C73250040E4A5 /* Base */ = {isa = PBXFileReference; lastKnownFileType = file.storyboard; name = Base; path = Base.lproj/Main.storyboard; sourceTree = "<group>"; };
		C2FC8B06295C73270040E4A5 /* Assets.xcassets */ = {isa = PBXFileReference; lastKnownFileType = folder.assetcatalog; path = Assets.xcassets; sourceTree = "<group>"; };
		C2FC8B09295C73270040E4A5 /* Base */ = {isa = PBXFileReference; lastKnownFileType = file.storyboard; name = Base; path = Base.lproj/LaunchScreen.storyboard; sourceTree = "<group>"; };
		C2FC8B0B295C73270040E4A5 /* Info.plist */ = {isa = PBXFileReference; lastKnownFileType = text.plist.xml; path = Info.plist; sourceTree = "<group>"; };
		C2FC8B13295C7B170040E4A5 /* Model.swift */ = {isa = PBXFileReference; lastKnownFileType = sourcecode.swift; path = Model.swift; sourceTree = "<group>"; };
/* End PBXFileReference section */

/* Begin PBXFrameworksBuildPhase section */
		C2FC8AF7295C73240040E4A5 /* Frameworks */ = {
			isa = PBXFrameworksBuildPhase;
			buildActionMask = 2147483647;
			files = (
			);
			runOnlyForDeploymentPostprocessing = 0;
		};
/* End PBXFrameworksBuildPhase section */

/* Begin PBXGroup section */
		C220324A29644B4100681C3C /* Best Seller */ = {
			isa = PBXGroup;
			children = (
				C220324829644B3A00681C3C /* BestSellerCollectionViewController.swift */,
				C220324629644B1800681C3C /* BestSellerCollectionViewCell.swift */,
			);
			path = "Best Seller";
			sourceTree = "<group>";
		};
		C24CCE65296A23E7006E71C8 /* Assets */ = {
			isa = PBXGroup;
			children = (
				C2FC8B06295C73270040E4A5 /* Assets.xcassets */,
			);
			path = Assets;
			sourceTree = "<group>";
		};
		C27C2DBA2967256B00DACF44 /* MainViewController */ = {
			isa = PBXGroup;
			children = (
				C2FC8B01295C73250040E4A5 /* MainScreenController.swift */,
				C28AF292295E659F006429FB /* Select Category */,
				C220324A29644B4100681C3C /* Best Seller */,
				C28AF297295F1808006429FB /* Hot Sales */,
			);
			path = MainViewController;
			sourceTree = "<group>";
		};
		C27C2DBD2967274C00DACF44 /* DetailViewController */ = {
			isa = PBXGroup;
			children = (
				C27C2DBB2967273100DACF44 /* DetailViewController.swift */,
				C24CCE61296771F6006E71C8 /* ProductDetailsCollectionViewController.swift */,
				C24CCE6329677215006E71C8 /* ProductDetailCollectionViewCell.swift */,
			);
			path = DetailViewController;
			sourceTree = "<group>";
		};
		C28AF292295E659F006429FB /* Select Category */ = {
			isa = PBXGroup;
			children = (
				C28AF28E295DC68F006429FB /* SelectCategoryColectionView.swift */,
				C28AF290295DDBCF006429FB /* SelectCategoryColectionViewCell.swift */,
			);
			path = "Select Category";
			sourceTree = "<group>";
		};
		C28AF297295F1808006429FB /* Hot Sales */ = {
			isa = PBXGroup;
			children = (
				C28AF293295E6671006429FB /* HotSalesCollectionViewController.swift */,
				C28AF295295E684B006429FB /* HotSalesCollectionViewCell.swift */,
			);
			path = "Hot Sales";
			sourceTree = "<group>";
		};
		C2F7939B295F7CC100023BB7 /* Helpers */ = {
			isa = PBXGroup;
			children = (
				C2F79399295F191100023BB7 /* StorageManager.swift */,
				C2F7939E295F7CF800023BB7 /* ImageCashing.swift */,
			);
			path = Helpers;
			sourceTree = "<group>";
		};
		C2FC8AF1295C73240040E4A5 = {
			isa = PBXGroup;
			children = (
				C2FC8AFC295C73250040E4A5 /* Test task 2 */,
				C2FC8AFB295C73250040E4A5 /* Products */,
			);
			sourceTree = "<group>";
		};
		C2FC8AFB295C73250040E4A5 /* Products */ = {
			isa = PBXGroup;
			children = (
				C2FC8AFA295C73250040E4A5 /* Test task 2.app */,
			);
			name = Products;
			sourceTree = "<group>";
		};
		C2FC8AFC295C73250040E4A5 /* Test task 2 */ = {
			isa = PBXGroup;
			children = (
				C2FC8AFD295C73250040E4A5 /* AppDelegate.swift */,
				C2FC8AFF295C73250040E4A5 /* SceneDelegate.swift */,
				C27C2DBD2967274C00DACF44 /* DetailViewController */,
				C27C2DBA2967256B00DACF44 /* MainViewController */,
				C2FC8B13295C7B170040E4A5 /* Model.swift */,
				C2F7939B295F7CC100023BB7 /* Helpers */,
				C2FC8B03295C73250040E4A5 /* Main.storyboard */,
				C2FC8B08295C73270040E4A5 /* LaunchScreen.storyboard */,
				C24CCE65296A23E7006E71C8 /* Assets */,
				C2FC8B0B295C73270040E4A5 /* Info.plist */,
			);
			path = "Test task 2";
			sourceTree = "<group>";
		};
/* End PBXGroup section */

/* Begin PBXNativeTarget section */
		C2FC8AF9295C73240040E4A5 /* Test task 2 */ = {
			isa = PBXNativeTarget;
			buildConfigurationList = C2FC8B0E295C73270040E4A5 /* Build configuration list for PBXNativeTarget "Test task 2" */;
			buildPhases = (
				C2FC8AF6295C73240040E4A5 /* Sources */,
				C2FC8AF7295C73240040E4A5 /* Frameworks */,
				C2FC8AF8295C73240040E4A5 /* Resources */,
			);
			buildRules = (
			);
			dependencies = (
			);
			name = "Test task 2";
			productName = "Test task 2";
			productReference = C2FC8AFA295C73250040E4A5 /* Test task 2.app */;
			productType = "com.apple.product-type.application";
		};
/* End PBXNativeTarget section */

/* Begin PBXProject section */
		C2FC8AF2295C73240040E4A5 /* Project object */ = {
			isa = PBXProject;
			attributes = {
				BuildIndependentTargetsInParallel = 1;
				LastSwiftUpdateCheck = 1420;
				LastUpgradeCheck = 1420;
				TargetAttributes = {
					C2FC8AF9295C73240040E4A5 = {
						CreatedOnToolsVersion = 14.2;
					};
				};
			};
			buildConfigurationList = C2FC8AF5295C73240040E4A5 /* Build configuration list for PBXProject "Test task 2" */;
			compatibilityVersion = "Xcode 14.0";
			developmentRegion = en;
			hasScannedForEncodings = 0;
			knownRegions = (
				en,
				Base,
			);
			mainGroup = C2FC8AF1295C73240040E4A5;
			productRefGroup = C2FC8AFB295C73250040E4A5 /* Products */;
			projectDirPath = "";
			projectRoot = "";
			targets = (
				C2FC8AF9295C73240040E4A5 /* Test task 2 */,
			);
		};
/* End PBXProject section */

/* Begin PBXResourcesBuildPhase section */
		C2FC8AF8295C73240040E4A5 /* Resources */ = {
			isa = PBXResourcesBuildPhase;
			buildActionMask = 2147483647;
			files = (
				C2FC8B0A295C73270040E4A5 /* LaunchScreen.storyboard in Resources */,
				C2FC8B07295C73270040E4A5 /* Assets.xcassets in Resources */,
				C2FC8B05295C73250040E4A5 /* Main.storyboard in Resources */,
			);
			runOnlyForDeploymentPostprocessing = 0;
		};
/* End PBXResourcesBuildPhase section */

/* Begin PBXSourcesBuildPhase section */
		C2FC8AF6295C73240040E4A5 /* Sources */ = {
			isa = PBXSourcesBuildPhase;
			buildActionMask = 2147483647;
			files = (
				C2FC8B14295C7B170040E4A5 /* Model.swift in Sources */,
				C28AF291295DDBCF006429FB /* SelectCategoryColectionViewCell.swift in Sources */,
				C220324729644B1800681C3C /* BestSellerCollectionViewCell.swift in Sources */,
				C28AF296295E684B006429FB /* HotSalesCollectionViewCell.swift in Sources */,
				C2FC8B02295C73250040E4A5 /* MainScreenController.swift in Sources */,
				C24CCE6429677215006E71C8 /* ProductDetailCollectionViewCell.swift in Sources */,
				C2F7939A295F191100023BB7 /* StorageManager.swift in Sources */,
				C28AF28F295DC68F006429FB /* SelectCategoryColectionView.swift in Sources */,
				C220324929644B3A00681C3C /* BestSellerCollectionViewController.swift in Sources */,
				C27C2DBC2967273100DACF44 /* DetailViewController.swift in Sources */,
				C24CCE62296771F6006E71C8 /* ProductDetailsCollectionViewController.swift in Sources */,
				C2FC8AFE295C73250040E4A5 /* AppDelegate.swift in Sources */,
				C2FC8B00295C73250040E4A5 /* SceneDelegate.swift in Sources */,
				C28AF294295E6671006429FB /* HotSalesCollectionViewController.swift in Sources */,
				C2F7939F295F7CF800023BB7 /* ImageCashing.swift in Sources */,
			);
			runOnlyForDeploymentPostprocessing = 0;
		};
/* End PBXSourcesBuildPhase section */

/* Begin PBXVariantGroup section */
		C2FC8B03295C73250040E4A5 /* Main.storyboard */ = {
			isa = PBXVariantGroup;
			children = (
				C2FC8B04295C73250040E4A5 /* Base */,
			);
			name = Main.storyboard;
			sourceTree = "<group>";
		};
		C2FC8B08295C73270040E4A5 /* LaunchScreen.storyboard */ = {
			isa = PBXVariantGroup;
			children = (
				C2FC8B09295C73270040E4A5 /* Base */,
			);
			name = LaunchScreen.storyboard;
			sourceTree = "<group>";
		};
/* End PBXVariantGroup section */

/* Begin XCBuildConfiguration section */
		C2FC8B0C295C73270040E4A5 /* Debug */ = {
			isa = XCBuildConfiguration;
			buildSettings = {
				ALWAYS_SEARCH_USER_PATHS = NO;
				CLANG_ANALYZER_NONNULL = YES;
				CLANG_ANALYZER_NUMBER_OBJECT_CONVERSION = YES_AGGRESSIVE;
				CLANG_CXX_LANGUAGE_STANDARD = "gnu++20";
				CLANG_ENABLE_MODULES = YES;
				CLANG_ENABLE_OBJC_ARC = YES;
				CLANG_ENABLE_OBJC_WEAK = YES;
				CLANG_WARN_BLOCK_CAPTURE_AUTORELEASING = YES;
				CLANG_WARN_BOOL_CONVERSION = YES;
				CLANG_WARN_COMMA = YES;
				CLANG_WARN_CONSTANT_CONVERSION = YES;
				CLANG_WARN_DEPRECATED_OBJC_IMPLEMENTATIONS = YES;
				CLANG_WARN_DIRECT_OBJC_ISA_USAGE = YES_ERROR;
				CLANG_WARN_DOCUMENTATION_COMMENTS = YES;
				CLANG_WARN_EMPTY_BODY = YES;
				CLANG_WARN_ENUM_CONVERSION = YES;
				CLANG_WARN_INFINITE_RECURSION = YES;
				CLANG_WARN_INT_CONVERSION = YES;
				CLANG_WARN_NON_LITERAL_NULL_CONVERSION = YES;
				CLANG_WARN_OBJC_IMPLICIT_RETAIN_SELF = YES;
				CLANG_WARN_OBJC_LITERAL_CONVERSION = YES;
				CLANG_WARN_OBJC_ROOT_CLASS = YES_ERROR;
				CLANG_WARN_QUOTED_INCLUDE_IN_FRAMEWORK_HEADER = YES;
				CLANG_WARN_RANGE_LOOP_ANALYSIS = YES;
				CLANG_WARN_STRICT_PROTOTYPES = YES;
				CLANG_WARN_SUSPICIOUS_MOVE = YES;
				CLANG_WARN_UNGUARDED_AVAILABILITY = YES_AGGRESSIVE;
				CLANG_WARN_UNREACHABLE_CODE = YES;
				CLANG_WARN__DUPLICATE_METHOD_MATCH = YES;
				COPY_PHASE_STRIP = NO;
				DEBUG_INFORMATION_FORMAT = dwarf;
				ENABLE_STRICT_OBJC_MSGSEND = YES;
				ENABLE_TESTABILITY = YES;
				GCC_C_LANGUAGE_STANDARD = gnu11;
				GCC_DYNAMIC_NO_PIC = NO;
				GCC_NO_COMMON_BLOCKS = YES;
				GCC_OPTIMIZATION_LEVEL = 0;
				GCC_PREPROCESSOR_DEFINITIONS = (
					"DEBUG=1",
					"$(inherited)",
				);
				GCC_WARN_64_TO_32_BIT_CONVERSION = YES;
				GCC_WARN_ABOUT_RETURN_TYPE = YES_ERROR;
				GCC_WARN_UNDECLARED_SELECTOR = YES;
				GCC_WARN_UNINITIALIZED_AUTOS = YES_AGGRESSIVE;
				GCC_WARN_UNUSED_FUNCTION = YES;
				GCC_WARN_UNUSED_VARIABLE = YES;
				IPHONEOS_DEPLOYMENT_TARGET = 16.2;
				MTL_ENABLE_DEBUG_INFO = INCLUDE_SOURCE;
				MTL_FAST_MATH = YES;
				ONLY_ACTIVE_ARCH = YES;
				SDKROOT = iphoneos;
				SWIFT_ACTIVE_COMPILATION_CONDITIONS = DEBUG;
				SWIFT_OPTIMIZATION_LEVEL = "-Onone";
			};
			name = Debug;
		};
		C2FC8B0D295C73270040E4A5 /* Release */ = {
			isa = XCBuildConfiguration;
			buildSettings = {
				ALWAYS_SEARCH_USER_PATHS = NO;
				CLANG_ANALYZER_NONNULL = YES;
				CLANG_ANALYZER_NUMBER_OBJECT_CONVERSION = YES_AGGRESSIVE;
				CLANG_CXX_LANGUAGE_STANDARD = "gnu++20";
				CLANG_ENABLE_MODULES = YES;
				CLANG_ENABLE_OBJC_ARC = YES;
				CLANG_ENABLE_OBJC_WEAK = YES;
				CLANG_WARN_BLOCK_CAPTURE_AUTORELEASING = YES;
				CLANG_WARN_BOOL_CONVERSION = YES;
				CLANG_WARN_COMMA = YES;
				CLANG_WARN_CONSTANT_CONVERSION = YES;
				CLANG_WARN_DEPRECATED_OBJC_IMPLEMENTATIONS = YES;
				CLANG_WARN_DIRECT_OBJC_ISA_USAGE = YES_ERROR;
				CLANG_WARN_DOCUMENTATION_COMMENTS = YES;
				CLANG_WARN_EMPTY_BODY = YES;
				CLANG_WARN_ENUM_CONVERSION = YES;
				CLANG_WARN_INFINITE_RECURSION = YES;
				CLANG_WARN_INT_CONVERSION = YES;
				CLANG_WARN_NON_LITERAL_NULL_CONVERSION = YES;
				CLANG_WARN_OBJC_IMPLICIT_RETAIN_SELF = YES;
				CLANG_WARN_OBJC_LITERAL_CONVERSION = YES;
				CLANG_WARN_OBJC_ROOT_CLASS = YES_ERROR;
				CLANG_WARN_QUOTED_INCLUDE_IN_FRAMEWORK_HEADER = YES;
				CLANG_WARN_RANGE_LOOP_ANALYSIS = YES;
				CLANG_WARN_STRICT_PROTOTYPES = YES;
				CLANG_WARN_SUSPICIOUS_MOVE = YES;
				CLANG_WARN_UNGUARDED_AVAILABILITY = YES_AGGRESSIVE;
				CLANG_WARN_UNREACHABLE_CODE = YES;
				CLANG_WARN__DUPLICATE_METHOD_MATCH = YES;
				COPY_PHASE_STRIP = NO;
				DEBUG_INFORMATION_FORMAT = "dwarf-with-dsym";
				ENABLE_NS_ASSERTIONS = NO;
				ENABLE_STRICT_OBJC_MSGSEND = YES;
				GCC_C_LANGUAGE_STANDARD = gnu11;
				GCC_NO_COMMON_BLOCKS = YES;
				GCC_WARN_64_TO_32_BIT_CONVERSION = YES;
				GCC_WARN_ABOUT_RETURN_TYPE = YES_ERROR;
				GCC_WARN_UNDECLARED_SELECTOR = YES;
				GCC_WARN_UNINITIALIZED_AUTOS = YES_AGGRESSIVE;
				GCC_WARN_UNUSED_FUNCTION = YES;
				GCC_WARN_UNUSED_VARIABLE = YES;
				IPHONEOS_DEPLOYMENT_TARGET = 16.2;
				MTL_ENABLE_DEBUG_INFO = NO;
				MTL_FAST_MATH = YES;
				SDKROOT = iphoneos;
				SWIFT_COMPILATION_MODE = wholemodule;
				SWIFT_OPTIMIZATION_LEVEL = "-O";
				VALIDATE_PRODUCT = YES;
			};
			name = Release;
		};
		C2FC8B0F295C73270040E4A5 /* Debug */ = {
			isa = XCBuildConfiguration;
			buildSettings = {
				ASSETCATALOG_COMPILER_APPICON_NAME = AppIcon;
				ASSETCATALOG_COMPILER_GLOBAL_ACCENT_COLOR_NAME = AccentColor;
				CODE_SIGN_STYLE = Automatic;
				CURRENT_PROJECT_VERSION = 1;
				DEVELOPMENT_TEAM = Q2L84UB3N5;
				GENERATE_INFOPLIST_FILE = YES;
				INFOPLIST_FILE = "Test task 2/Info.plist";
				INFOPLIST_KEY_UIApplicationSupportsIndirectInputEvents = YES;
				INFOPLIST_KEY_UILaunchStoryboardName = LaunchScreen;
				INFOPLIST_KEY_UIMainStoryboardFile = Main;
				INFOPLIST_KEY_UISupportedInterfaceOrientations_iPad = "UIInterfaceOrientationPortrait UIInterfaceOrientationPortraitUpsideDown UIInterfaceOrientationLandscapeLeft UIInterfaceOrientationLandscapeRight";
				INFOPLIST_KEY_UISupportedInterfaceOrientations_iPhone = "UIInterfaceOrientationPortrait UIInterfaceOrientationLandscapeLeft UIInterfaceOrientationLandscapeRight";
				IPHONEOS_DEPLOYMENT_TARGET = 15.0;
				LD_RUNPATH_SEARCH_PATHS = (
					"$(inherited)",
					"@executable_path/Frameworks",
				);
				MARKETING_VERSION = 1.0;
				PRODUCT_BUNDLE_IDENTIFIER = "NL.Test-task-2";
				PRODUCT_NAME = "$(TARGET_NAME)";
				SWIFT_EMIT_LOC_STRINGS = YES;
				SWIFT_VERSION = 5.0;
				TARGETED_DEVICE_FAMILY = "1,2";
			};
			name = Debug;
		};
		C2FC8B10295C73270040E4A5 /* Release */ = {
			isa = XCBuildConfiguration;
			buildSettings = {
				ASSETCATALOG_COMPILER_APPICON_NAME = AppIcon;
				ASSETCATALOG_COMPILER_GLOBAL_ACCENT_COLOR_NAME = AccentColor;
				CODE_SIGN_STYLE = Automatic;
				CURRENT_PROJECT_VERSION = 1;
				DEVELOPMENT_TEAM = Q2L84UB3N5;
				GENERATE_INFOPLIST_FILE = YES;
				INFOPLIST_FILE = "Test task 2/Info.plist";
				INFOPLIST_KEY_UIApplicationSupportsIndirectInputEvents = YES;
				INFOPLIST_KEY_UILaunchStoryboardName = LaunchScreen;
				INFOPLIST_KEY_UIMainStoryboardFile = Main;
				INFOPLIST_KEY_UISupportedInterfaceOrientations_iPad = "UIInterfaceOrientationPortrait UIInterfaceOrientationPortraitUpsideDown UIInterfaceOrientationLandscapeLeft UIInterfaceOrientationLandscapeRight";
				INFOPLIST_KEY_UISupportedInterfaceOrientations_iPhone = "UIInterfaceOrientationPortrait UIInterfaceOrientationLandscapeLeft UIInterfaceOrientationLandscapeRight";
				IPHONEOS_DEPLOYMENT_TARGET = 15.0;
				LD_RUNPATH_SEARCH_PATHS = (
					"$(inherited)",
					"@executable_path/Frameworks",
				);
				MARKETING_VERSION = 1.0;
				PRODUCT_BUNDLE_IDENTIFIER = "NL.Test-task-2";
				PRODUCT_NAME = "$(TARGET_NAME)";
				SWIFT_EMIT_LOC_STRINGS = YES;
				SWIFT_VERSION = 5.0;
				TARGETED_DEVICE_FAMILY = "1,2";
			};
			name = Release;
		};
/* End XCBuildConfiguration section */

/* Begin XCConfigurationList section */
		C2FC8AF5295C73240040E4A5 /* Build configuration list for PBXProject "Test task 2" */ = {
			isa = XCConfigurationList;
			buildConfigurations = (
				C2FC8B0C295C73270040E4A5 /* Debug */,
				C2FC8B0D295C73270040E4A5 /* Release */,
			);
			defaultConfigurationIsVisible = 0;
			defaultConfigurationName = Release;
		};
		C2FC8B0E295C73270040E4A5 /* Build configuration list for PBXNativeTarget "Test task 2" */ = {
			isa = XCConfigurationList;
			buildConfigurations = (
				C2FC8B0F295C73270040E4A5 /* Debug */,
				C2FC8B10295C73270040E4A5 /* Release */,
			);
			defaultConfigurationIsVisible = 0;
			defaultConfigurationName = Release;
		};
/* End XCConfigurationList section */
	};
	rootObject = C2FC8AF2295C73240040E4A5 /* Project object */;
}
